// !$*UTF8*$!
{
	archiveVersion = 1;
	classes = {
	};
	objectVersion = 46;
	objects = {

/* Begin PBXBuildFile section */
		3F2840841DDD18710027DD93 /* HomeScene.swift in Sources */ = {isa = PBXBuildFile; fileRef = 3F2840831DDD18710027DD93 /* HomeScene.swift */; };
		3F2840861DDD18D70027DD93 /* GameData.swift in Sources */ = {isa = PBXBuildFile; fileRef = 3F2840851DDD18D70027DD93 /* GameData.swift */; };
		3F2840881DDD228C0027DD93 /* GameOverScene.swift in Sources */ = {isa = PBXBuildFile; fileRef = 3F2840871DDD228C0027DD93 /* GameOverScene.swift */; };
		3F7C5B101DD3BCF600392A91 /* AppDelegate.swift in Sources */ = {isa = PBXBuildFile; fileRef = 3F7C5B0F1DD3BCF600392A91 /* AppDelegate.swift */; };
		3F7C5B121DD3BCF700392A91 /* GameScene.sks in Resources */ = {isa = PBXBuildFile; fileRef = 3F7C5B111DD3BCF700392A91 /* GameScene.sks */; };
		3F7C5B141DD3BCF700392A91 /* Actions.sks in Resources */ = {isa = PBXBuildFile; fileRef = 3F7C5B131DD3BCF700392A91 /* Actions.sks */; };
		3F7C5B161DD3BCF700392A91 /* GameScene.swift in Sources */ = {isa = PBXBuildFile; fileRef = 3F7C5B151DD3BCF700392A91 /* GameScene.swift */; };
		3F7C5B181DD3BCF700392A91 /* GameViewController.swift in Sources */ = {isa = PBXBuildFile; fileRef = 3F7C5B171DD3BCF700392A91 /* GameViewController.swift */; };
		3F7C5B1B1DD3BCF700392A91 /* Main.storyboard in Resources */ = {isa = PBXBuildFile; fileRef = 3F7C5B191DD3BCF700392A91 /* Main.storyboard */; };
		3F7C5B1D1DD3BCF800392A91 /* Assets.xcassets in Resources */ = {isa = PBXBuildFile; fileRef = 3F7C5B1C1DD3BCF800392A91 /* Assets.xcassets */; };
		3F7C5B201DD3BCF800392A91 /* LaunchScreen.storyboard in Resources */ = {isa = PBXBuildFile; fileRef = 3F7C5B1E1DD3BCF800392A91 /* LaunchScreen.storyboard */; };
		3FBC5D241DDD3C3D0051EB5A /* Trail.sks in Resources */ = {isa = PBXBuildFile; fileRef = 3FBC5D231DDD3C3D0051EB5A /* Trail.sks */; };
		3FBC5D261DDD3C700051EB5A /* Explosion.sks in Resources */ = {isa = PBXBuildFile; fileRef = 3FBC5D251DDD3C700051EB5A /* Explosion.sks */; };
		3FBC5D281DDD3D1A0051EB5A /* BumperSprite.swift in Sources */ = {isa = PBXBuildFile; fileRef = 3FBC5D271DDD3D1A0051EB5A /* BumperSprite.swift */; };
		3FBC5D2A1DDD41140051EB5A /* CGVectorUtils.swift in Sources */ = {isa = PBXBuildFile; fileRef = 3FBC5D291DDD41140051EB5A /* CGVectorUtils.swift */; };
/* End PBXBuildFile section */

/* Begin PBXFileReference section */
		3F2840831DDD18710027DD93 /* HomeScene.swift */ = {isa = PBXFileReference; fileEncoding = 4; lastKnownFileType = sourcecode.swift; path = HomeScene.swift; sourceTree = "<group>"; };
		3F2840851DDD18D70027DD93 /* GameData.swift */ = {isa = PBXFileReference; fileEncoding = 4; lastKnownFileType = sourcecode.swift; path = GameData.swift; sourceTree = "<group>"; };
		3F2840871DDD228C0027DD93 /* GameOverScene.swift */ = {isa = PBXFileReference; fileEncoding = 4; lastKnownFileType = sourcecode.swift; path = GameOverScene.swift; sourceTree = "<group>"; };
		3F7C5B0C1DD3BCF600392A91 /* FingerBall.app */ = {isa = PBXFileReference; explicitFileType = wrapper.application; includeInIndex = 0; path = FingerBall.app; sourceTree = BUILT_PRODUCTS_DIR; };
		3F7C5B0F1DD3BCF600392A91 /* AppDelegate.swift */ = {isa = PBXFileReference; lastKnownFileType = sourcecode.swift; path = AppDelegate.swift; sourceTree = "<group>"; };
		3F7C5B111DD3BCF700392A91 /* GameScene.sks */ = {isa = PBXFileReference; lastKnownFileType = file.sks; path = GameScene.sks; sourceTree = "<group>"; };
		3F7C5B131DD3BCF700392A91 /* Actions.sks */ = {isa = PBXFileReference; lastKnownFileType = file.sks; path = Actions.sks; sourceTree = "<group>"; };
		3F7C5B151DD3BCF700392A91 /* GameScene.swift */ = {isa = PBXFileReference; lastKnownFileType = sourcecode.swift; path = GameScene.swift; sourceTree = "<group>"; };
		3F7C5B171DD3BCF700392A91 /* GameViewController.swift */ = {isa = PBXFileReference; lastKnownFileType = sourcecode.swift; path = GameViewController.swift; sourceTree = "<group>"; };
		3F7C5B1A1DD3BCF700392A91 /* Base */ = {isa = PBXFileReference; lastKnownFileType = file.storyboard; name = Base; path = Base.lproj/Main.storyboard; sourceTree = "<group>"; };
		3F7C5B1C1DD3BCF800392A91 /* Assets.xcassets */ = {isa = PBXFileReference; lastKnownFileType = folder.assetcatalog; path = Assets.xcassets; sourceTree = "<group>"; };
		3F7C5B1F1DD3BCF800392A91 /* Base */ = {isa = PBXFileReference; lastKnownFileType = file.storyboard; name = Base; path = Base.lproj/LaunchScreen.storyboard; sourceTree = "<group>"; };
		3F7C5B211DD3BCF800392A91 /* Info.plist */ = {isa = PBXFileReference; lastKnownFileType = text.plist.xml; path = Info.plist; sourceTree = "<group>"; };
		3FBC5D231DDD3C3D0051EB5A /* Trail.sks */ = {isa = PBXFileReference; lastKnownFileType = file.sks; path = Trail.sks; sourceTree = "<group>"; };
		3FBC5D251DDD3C700051EB5A /* Explosion.sks */ = {isa = PBXFileReference; lastKnownFileType = file.sks; path = Explosion.sks; sourceTree = "<group>"; };
		3FBC5D271DDD3D1A0051EB5A /* BumperSprite.swift */ = {isa = PBXFileReference; fileEncoding = 4; lastKnownFileType = sourcecode.swift; path = BumperSprite.swift; sourceTree = "<group>"; };
		3FBC5D291DDD41140051EB5A /* CGVectorUtils.swift */ = {isa = PBXFileReference; fileEncoding = 4; lastKnownFileType = sourcecode.swift; path = CGVectorUtils.swift; sourceTree = "<group>"; };
/* End PBXFileReference section */

/* Begin PBXFrameworksBuildPhase section */
		3F7C5B091DD3BCF600392A91 /* Frameworks */ = {
			isa = PBXFrameworksBuildPhase;
			buildActionMask = 2147483647;
			files = (
			);
			runOnlyForDeploymentPostprocessing = 0;
		};
/* End PBXFrameworksBuildPhase section */

/* Begin PBXGroup section */
		3F7C5B031DD3BCF500392A91 = {
			isa = PBXGroup;
			children = (
				3F7C5B0E1DD3BCF600392A91 /* FingerBall */,
				3F7C5B0D1DD3BCF600392A91 /* Products */,
			);
			sourceTree = "<group>";
		};
		3F7C5B0D1DD3BCF600392A91 /* Products */ = {
			isa = PBXGroup;
			children = (
				3F7C5B0C1DD3BCF600392A91 /* FingerBall.app */,
			);
			name = Products;
			sourceTree = "<group>";
		};
		3F7C5B0E1DD3BCF600392A91 /* FingerBall */ = {
			isa = PBXGroup;
			children = (
				3F7C5B0F1DD3BCF600392A91 /* AppDelegate.swift */,
				3F7C5B171DD3BCF700392A91 /* GameViewController.swift */,
				3F7C5B271DD3BD3700392A91 /* Scenes */,
				3F7C5B281DD3BE8100392A91 /* Assets */,
				3F7C5B191DD3BCF700392A91 /* Main.storyboard */,
				3F7C5B1E1DD3BCF800392A91 /* LaunchScreen.storyboard */,
				3F7C5B211DD3BCF800392A91 /* Info.plist */,
				3F2840851DDD18D70027DD93 /* GameData.swift */,
				3FBC5D291DDD41140051EB5A /* CGVectorUtils.swift */,
			);
			path = FingerBall;
			sourceTree = "<group>";
		};
		3F7C5B271DD3BD3700392A91 /* Scenes */ = {
			isa = PBXGroup;
			children = (
				3F7C5B131DD3BCF700392A91 /* Actions.sks */,
				3F7C5B111DD3BCF700392A91 /* GameScene.sks */,
				3F7C5B151DD3BCF700392A91 /* GameScene.swift */,
				3F2840831DDD18710027DD93 /* HomeScene.swift */,
				3F2840871DDD228C0027DD93 /* GameOverScene.swift */,
				3FBC5D271DDD3D1A0051EB5A /* BumperSprite.swift */,
			);
			name = Scenes;
			sourceTree = "<group>";
		};
		3F7C5B281DD3BE8100392A91 /* Assets */ = {
			isa = PBXGroup;
			children = (
				3FBC5D251DDD3C700051EB5A /* Explosion.sks */,
				3FBC5D231DDD3C3D0051EB5A /* Trail.sks */,
				3F7C5B1C1DD3BCF800392A91 /* Assets.xcassets */,
			);
			name = Assets;
			sourceTree = "<group>";
		};
/* End PBXGroup section */

/* Begin PBXNativeTarget section */
		3F7C5B0B1DD3BCF600392A91 /* FingerBall */ = {
			isa = PBXNativeTarget;
			buildConfigurationList = 3F7C5B241DD3BCF800392A91 /* Build configuration list for PBXNativeTarget "FingerBall" */;
			buildPhases = (
				3F7C5B081DD3BCF600392A91 /* Sources */,
				3F7C5B091DD3BCF600392A91 /* Frameworks */,
				3F7C5B0A1DD3BCF600392A91 /* Resources */,
			);
			buildRules = (
			);
			dependencies = (
			);
			name = FingerBall;
			productName = FingerBall;
			productReference = 3F7C5B0C1DD3BCF600392A91 /* FingerBall.app */;
			productType = "com.apple.product-type.application";
		};
/* End PBXNativeTarget section */

/* Begin PBXProject section */
		3F7C5B041DD3BCF500392A91 /* Project object */ = {
			isa = PBXProject;
			attributes = {
				LastSwiftUpdateCheck = 0810;
				LastUpgradeCheck = 0810;
				ORGANIZATIONNAME = "Team Finger";
				TargetAttributes = {
					3F7C5B0B1DD3BCF600392A91 = {
						CreatedOnToolsVersion = 8.1;
						DevelopmentTeam = V3GKW447FR;
						ProvisioningStyle = Automatic;
					};
				};
			};
			buildConfigurationList = 3F7C5B071DD3BCF500392A91 /* Build configuration list for PBXProject "FingerBall" */;
			compatibilityVersion = "Xcode 3.2";
			developmentRegion = English;
			hasScannedForEncodings = 0;
			knownRegions = (
				en,
				Base,
			);
			mainGroup = 3F7C5B031DD3BCF500392A91;
			productRefGroup = 3F7C5B0D1DD3BCF600392A91 /* Products */;
			projectDirPath = "";
			projectRoot = "";
			targets = (
				3F7C5B0B1DD3BCF600392A91 /* FingerBall */,
			);
		};
/* End PBXProject section */

/* Begin PBXResourcesBuildPhase section */
		3F7C5B0A1DD3BCF600392A91 /* Resources */ = {
			isa = PBXResourcesBuildPhase;
			buildActionMask = 2147483647;
			files = (
				3FBC5D241DDD3C3D0051EB5A /* Trail.sks in Resources */,
				3F7C5B1B1DD3BCF700392A91 /* Main.storyboard in Resources */,
				3F7C5B121DD3BCF700392A91 /* GameScene.sks in Resources */,
				3F7C5B1D1DD3BCF800392A91 /* Assets.xcassets in Resources */,
				3F7C5B201DD3BCF800392A91 /* LaunchScreen.storyboard in Resources */,
				3FBC5D261DDD3C700051EB5A /* Explosion.sks in Resources */,
				3F7C5B141DD3BCF700392A91 /* Actions.sks in Resources */,
			);
			runOnlyForDeploymentPostprocessing = 0;
		};
/* End PBXResourcesBuildPhase section */

/* Begin PBXSourcesBuildPhase section */
		3F7C5B081DD3BCF600392A91 /* Sources */ = {
			isa = PBXSourcesBuildPhase;
			buildActionMask = 2147483647;
			files = (
				3F7C5B161DD3BCF700392A91 /* GameScene.swift in Sources */,
				3F2840861DDD18D70027DD93 /* GameData.swift in Sources */,
				3F2840841DDD18710027DD93 /* HomeScene.swift in Sources */,
				3F7C5B181DD3BCF700392A91 /* GameViewController.swift in Sources */,
				3FBC5D2A1DDD41140051EB5A /* CGVectorUtils.swift in Sources */,
				3FBC5D281DDD3D1A0051EB5A /* BumperSprite.swift in Sources */,
				3F2840881DDD228C0027DD93 /* GameOverScene.swift in Sources */,
				3F7C5B101DD3BCF600392A91 /* AppDelegate.swift in Sources */,
			);
			runOnlyForDeploymentPostprocessing = 0;
		};
/* End PBXSourcesBuildPhase section */

/* Begin PBXVariantGroup section */
		3F7C5B191DD3BCF700392A91 /* Main.storyboard */ = {
			isa = PBXVariantGroup;
			children = (
				3F7C5B1A1DD3BCF700392A91 /* Base */,
			);
			name = Main.storyboard;
			sourceTree = "<group>";
		};
		3F7C5B1E1DD3BCF800392A91 /* LaunchScreen.storyboard */ = {
			isa = PBXVariantGroup;
			children = (
				3F7C5B1F1DD3BCF800392A91 /* Base */,
			);
			name = LaunchScreen.storyboard;
			sourceTree = "<group>";
		};
/* End PBXVariantGroup section */

/* Begin XCBuildConfiguration section */
		3F7C5B221DD3BCF800392A91 /* Debug */ = {
			isa = XCBuildConfiguration;
			buildSettings = {
				ALWAYS_SEARCH_USER_PATHS = NO;
				CLANG_ANALYZER_NONNULL = YES;
				CLANG_CXX_LANGUAGE_STANDARD = "gnu++0x";
				CLANG_CXX_LIBRARY = "libc++";
				CLANG_ENABLE_MODULES = YES;
				CLANG_ENABLE_OBJC_ARC = YES;
				CLANG_WARN_BOOL_CONVERSION = YES;
				CLANG_WARN_CONSTANT_CONVERSION = YES;
				CLANG_WARN_DIRECT_OBJC_ISA_USAGE = YES_ERROR;
				CLANG_WARN_DOCUMENTATION_COMMENTS = YES;
				CLANG_WARN_EMPTY_BODY = YES;
				CLANG_WARN_ENUM_CONVERSION = YES;
				CLANG_WARN_INFINITE_RECURSION = YES;
				CLANG_WARN_INT_CONVERSION = YES;
				CLANG_WARN_OBJC_ROOT_CLASS = YES_ERROR;
				CLANG_WARN_SUSPICIOUS_MOVES = YES;
				CLANG_WARN_UNREACHABLE_CODE = YES;
				CLANG_WARN__DUPLICATE_METHOD_MATCH = YES;
				"CODE_SIGN_IDENTITY[sdk=iphoneos*]" = "iPhone Developer";
				COPY_PHASE_STRIP = NO;
				DEBUG_INFORMATION_FORMAT = dwarf;
				ENABLE_STRICT_OBJC_MSGSEND = YES;
				ENABLE_TESTABILITY = YES;
				GCC_C_LANGUAGE_STANDARD = gnu99;
				GCC_DYNAMIC_NO_PIC = NO;
				GCC_NO_COMMON_BLOCKS = YES;
				GCC_OPTIMIZATION_LEVEL = 0;
				GCC_PREPROCESSOR_DEFINITIONS = (
					"DEBUG=1",
					"$(inherited)",
				);
				GCC_WARN_64_TO_32_BIT_CONVERSION = YES;
				GCC_WARN_ABOUT_RETURN_TYPE = YES_ERROR;
				GCC_WARN_UNDECLARED_SELECTOR = YES;
				GCC_WARN_UNINITIALIZED_AUTOS = YES_AGGRESSIVE;
				GCC_WARN_UNUSED_FUNCTION = YES;
				GCC_WARN_UNUSED_VARIABLE = YES;
				IPHONEOS_DEPLOYMENT_TARGET = 10.1;
				MTL_ENABLE_DEBUG_INFO = YES;
				ONLY_ACTIVE_ARCH = YES;
				SDKROOT = iphoneos;
				SWIFT_ACTIVE_COMPILATION_CONDITIONS = DEBUG;
				SWIFT_OPTIMIZATION_LEVEL = "-Onone";
			};
			name = Debug;
		};
		3F7C5B231DD3BCF800392A91 /* Release */ = {
			isa = XCBuildConfiguration;
			buildSettings = {
				ALWAYS_SEARCH_USER_PATHS = NO;
				CLANG_ANALYZER_NONNULL = YES;
				CLANG_CXX_LANGUAGE_STANDARD = "gnu++0x";
				CLANG_CXX_LIBRARY = "libc++";
				CLANG_ENABLE_MODULES = YES;
				CLANG_ENABLE_OBJC_ARC = YES;
				CLANG_WARN_BOOL_CONVERSION = YES;
				CLANG_WARN_CONSTANT_CONVERSION = YES;
				CLANG_WARN_DIRECT_OBJC_ISA_USAGE = YES_ERROR;
				CLANG_WARN_DOCUMENTATION_COMMENTS = YES;
				CLANG_WARN_EMPTY_BODY = YES;
				CLANG_WARN_ENUM_CONVERSION = YES;
				CLANG_WARN_INFINITE_RECURSION = YES;
				CLANG_WARN_INT_CONVERSION = YES;
				CLANG_WARN_OBJC_ROOT_CLASS = YES_ERROR;
				CLANG_WARN_SUSPICIOUS_MOVES = YES;
				CLANG_WARN_UNREACHABLE_CODE = YES;
				CLANG_WARN__DUPLICATE_METHOD_MATCH = YES;
				"CODE_SIGN_IDENTITY[sdk=iphoneos*]" = "iPhone Developer";
				COPY_PHASE_STRIP = NO;
				DEBUG_INFORMATION_FORMAT = "dwarf-with-dsym";
				ENABLE_NS_ASSERTIONS = NO;
				ENABLE_STRICT_OBJC_MSGSEND = YES;
				GCC_C_LANGUAGE_STANDARD = gnu99;
				GCC_NO_COMMON_BLOCKS = YES;
				GCC_WARN_64_TO_32_BIT_CONVERSION = YES;
				GCC_WARN_ABOUT_RETURN_TYPE = YES_ERROR;
				GCC_WARN_UNDECLARED_SELECTOR = YES;
				GCC_WARN_UNINITIALIZED_AUTOS = YES_AGGRESSIVE;
				GCC_WARN_UNUSED_FUNCTION = YES;
				GCC_WARN_UNUSED_VARIABLE = YES;
				IPHONEOS_DEPLOYMENT_TARGET = 10.1;
				MTL_ENABLE_DEBUG_INFO = NO;
				SDKROOT = iphoneos;
				SWIFT_OPTIMIZATION_LEVEL = "-Owholemodule";
				VALIDATE_PRODUCT = YES;
			};
			name = Release;
		};
		3F7C5B251DD3BCF800392A91 /* Debug */ = {
			isa = XCBuildConfiguration;
			buildSettings = {
				ASSETCATALOG_COMPILER_APPICON_NAME = AppIcon;
				DEVELOPMENT_TEAM = V3GKW447FR;
				INFOPLIST_FILE = FingerBall/Info.plist;
				LD_RUNPATH_SEARCH_PATHS = "$(inherited) @executable_path/Frameworks";
				PRODUCT_BUNDLE_IDENTIFIER = com.sideloadfinger.FingerBall;
				PRODUCT_NAME = "$(TARGET_NAME)";
				SWIFT_VERSION = 3.0;
			};
			name = Debug;
		};
		3F7C5B261DD3BCF800392A91 /* Release */ = {
			isa = XCBuildConfiguration;
			buildSettings = {
				ASSETCATALOG_COMPILER_APPICON_NAME = AppIcon;
				DEVELOPMENT_TEAM = V3GKW447FR;
				INFOPLIST_FILE = FingerBall/Info.plist;
				LD_RUNPATH_SEARCH_PATHS = "$(inherited) @executable_path/Frameworks";
				PRODUCT_BUNDLE_IDENTIFIER = com.sideloadfinger.FingerBall;
				PRODUCT_NAME = "$(TARGET_NAME)";
				SWIFT_VERSION = 3.0;
			};
			name = Release;
		};
/* End XCBuildConfiguration section */

/* Begin XCConfigurationList section */
		3F7C5B071DD3BCF500392A91 /* Build configuration list for PBXProject "FingerBall" */ = {
			isa = XCConfigurationList;
			buildConfigurations = (
				3F7C5B221DD3BCF800392A91 /* Debug */,
				3F7C5B231DD3BCF800392A91 /* Release */,
			);
			defaultConfigurationIsVisible = 0;
			defaultConfigurationName = Release;
		};
		3F7C5B241DD3BCF800392A91 /* Build configuration list for PBXNativeTarget "FingerBall" */ = {
			isa = XCConfigurationList;
			buildConfigurations = (
				3F7C5B251DD3BCF800392A91 /* Debug */,
				3F7C5B261DD3BCF800392A91 /* Release */,
			);
			defaultConfigurationIsVisible = 0;
			defaultConfigurationName = Release;
		};
/* End XCConfigurationList section */
	};
	rootObject = 3F7C5B041DD3BCF500392A91 /* Project object */;
}
